
Microsoft Visual Studio Solution File, Format Version 12.00
# Visual Studio Version 17
VisualStudioVersion = 17.5.002.0
MinimumVisualStudioVersion = 10.0.40219.1
Project("{9A19103F-16F7-4668-BE54-9A1E7A4F7556}") = "PerkUp", "PerkUp\PerkUp.csproj", "{2AA5F05A-2B59-4501-92CC-C4C82CA9B531}"
EndProject
Global
	GlobalSection(SolutionConfigurationPlatforms) = preSolution
		Debug|Any CPU = Debug|Any CPU
		Release|Any CPU = Release|Any CPU
	EndGlobalSection
	GlobalSection(ProjectConfigurationPlatforms) = postSolution
		{2AA5F05A-2B59-4501-92CC-C4C82CA9B531}.Debug|Any CPU.ActiveCfg = Debug|Any CPU
		{2AA5F05A-2B59-4501-92CC-C4C82CA9B531}.Debug|Any CPU.Build.0 = Debug|Any CPU
		{2AA5F05A-2B59-4501-92CC-C4C82CA9B531}.Release|Any CPU.ActiveCfg = Release|Any CPU
		{2AA5F05A-2B59-4501-92CC-C4C82CA9B531}.Release|Any CPU.Build.0 = Release|Any CPU
	EndGlobalSection
	GlobalSection(SolutionProperties) = preSolution
		HideSolutionNode = FALSE
	EndGlobalSection
	GlobalSection(ExtensibilityGlobals) = postSolution
		SolutionGuid = {AC8368A2-50E6-47C4-B360-07ABEA315601}
	EndGlobalSection
EndGlobal
